
Microsoft Visual Studio Solution File, Format Version 12.00
# Visual Studio Version 17
VisualStudioVersion = 17.4.33110.190
MinimumVisualStudioVersion = 10.0.40219.1
Project("{FAE04EC0-301F-11D3-BF4B-00C04F79EFBC}") = "stp4list", "stp4list.csproj", "{7A7A00EA-DEE3-4D21-9165-16485CDC7C4F}"
EndProject
Global
	GlobalSection(SolutionConfigurationPlatforms) = preSolution
		Debug|Any CPU = Debug|Any CPU
		Release|Any CPU = Release|Any CPU
	EndGlobalSection
	GlobalSection(ProjectConfigurationPlatforms) = postSolution
		{7A7A00EA-DEE3-4D21-9165-16485CDC7C4F}.Debug|Any CPU.ActiveCfg = Debug|Any CPU
		{7A7A00EA-DEE3-4D21-9165-16485CDC7C4F}.Debug|Any CPU.Build.0 = Debug|Any CPU
		{7A7A00EA-DEE3-4D21-9165-16485CDC7C4F}.Release|Any CPU.ActiveCfg = Release|Any CPU
		{7A7A00EA-DEE3-4D21-9165-16485CDC7C4F}.Release|Any CPU.Build.0 = Release|Any CPU
	EndGlobalSection
	GlobalSection(SolutionProperties) = preSolution
		HideSolutionNode = FALSE
	EndGlobalSection
	GlobalSection(ExtensibilityGlobals) = postSolution
		SolutionGuid = {43750718-ADA5-435C-B23E-2315E1DBFEC6}
	EndGlobalSection
EndGlobal
